
Microsoft Visual Studio Solution File, Format Version 12.00
# Visual Studio 15
VisualStudioVersion = 15.0.28307.271
MinimumVisualStudioVersion = 10.0.40219.1
Project("{888888A0-9F3D-457C-B088-3A5042F75D52}") = "Comp", "Comp\Comp.pyproj", "{563A0979-264E-49C6-9C41-CCB4D5588785}"
EndProject
Global
	GlobalSection(SolutionConfigurationPlatforms) = preSolution
		Debug|Any CPU = Debug|Any CPU
		Release|Any CPU = Release|Any CPU
	EndGlobalSection
	GlobalSection(ProjectConfigurationPlatforms) = postSolution
		{563A0979-264E-49C6-9C41-CCB4D5588785}.Debug|Any CPU.ActiveCfg = Debug|Any CPU
		{563A0979-264E-49C6-9C41-CCB4D5588785}.Release|Any CPU.ActiveCfg = Release|Any CPU
	EndGlobalSection
	GlobalSection(SolutionProperties) = preSolution
		HideSolutionNode = FALSE
	EndGlobalSection
	GlobalSection(ExtensibilityGlobals) = postSolution
		SolutionGuid = {D9002840-9C21-4D05-A778-28777B9ADD9D}
	EndGlobalSection
EndGlobal
